
Microsoft Visual Studio Solution File, Format Version 11.00
# Visual Studio 2010
Project("{FAE04EC0-301F-11D3-BF4B-00C04F79EFBC}") = "Assembly-CSharp", "Assembly-CSharp.csproj", "{36C734DF-48B3-7F9F-AA15-800D6EF3D148}"
EndProject
Project("{FAE04EC0-301F-11D3-BF4B-00C04F79EFBC}") = "Assembly-CSharp-firstpass", "Assembly-CSharp-firstpass.csproj", "{7CEB6E03-A483-642D-33CB-45F011CD55D5}"
EndProject
Project("{FAE04EC0-301F-11D3-BF4B-00C04F79EFBC}") = "Assembly-CSharp-Editor-firstpass", "Assembly-CSharp-Editor-firstpass.csproj", "{823704E4-AF39-2662-0839-EFCC36760301}"
EndProject
Project("{FAE04EC0-301F-11D3-BF4B-00C04F79EFBC}") = "Assembly-CSharp-Editor", "Assembly-CSharp-Editor.csproj", "{52FEED09-F9B7-67E2-130F-47EA060FE7FC}"
EndProject
Global
	GlobalSection(SolutionConfigurationPlatforms) = preSolution
		Debug|Any CPU = Debug|Any CPU
		Release|Any CPU = Release|Any CPU
	EndGlobalSection
	GlobalSection(ProjectConfigurationPlatforms) = postSolution
		{36C734DF-48B3-7F9F-AA15-800D6EF3D148}.Debug|Any CPU.ActiveCfg = Debug|Any CPU
		{36C734DF-48B3-7F9F-AA15-800D6EF3D148}.Debug|Any CPU.Build.0 = Debug|Any CPU
		{36C734DF-48B3-7F9F-AA15-800D6EF3D148}.Release|Any CPU.ActiveCfg = Release|Any CPU
		{36C734DF-48B3-7F9F-AA15-800D6EF3D148}.Release|Any CPU.Build.0 = Release|Any CPU
		{7CEB6E03-A483-642D-33CB-45F011CD55D5}.Debug|Any CPU.ActiveCfg = Debug|Any CPU
		{7CEB6E03-A483-642D-33CB-45F011CD55D5}.Debug|Any CPU.Build.0 = Debug|Any CPU
		{7CEB6E03-A483-642D-33CB-45F011CD55D5}.Release|Any CPU.ActiveCfg = Release|Any CPU
		{7CEB6E03-A483-642D-33CB-45F011CD55D5}.Release|Any CPU.Build.0 = Release|Any CPU
		{823704E4-AF39-2662-0839-EFCC36760301}.Debug|Any CPU.ActiveCfg = Debug|Any CPU
		{823704E4-AF39-2662-0839-EFCC36760301}.Debug|Any CPU.Build.0 = Debug|Any CPU
		{823704E4-AF39-2662-0839-EFCC36760301}.Release|Any CPU.ActiveCfg = Release|Any CPU
		{823704E4-AF39-2662-0839-EFCC36760301}.Release|Any CPU.Build.0 = Release|Any CPU
		{52FEED09-F9B7-67E2-130F-47EA060FE7FC}.Debug|Any CPU.ActiveCfg = Debug|Any CPU
		{52FEED09-F9B7-67E2-130F-47EA060FE7FC}.Debug|Any CPU.Build.0 = Debug|Any CPU
		{52FEED09-F9B7-67E2-130F-47EA060FE7FC}.Release|Any CPU.ActiveCfg = Release|Any CPU
		{52FEED09-F9B7-67E2-130F-47EA060FE7FC}.Release|Any CPU.Build.0 = Release|Any CPU
	EndGlobalSection
	GlobalSection(SolutionProperties) = preSolution
		HideSolutionNode = FALSE
	EndGlobalSection
EndGlobal
